
Microsoft Visual Studio Solution File, Format Version 12.00
# Visual Studio Version 17
VisualStudioVersion = 17.9.34723.18
MinimumVisualStudioVersion = 10.0.40219.1
Project("{FAE04EC0-301F-11D3-BF4B-00C04F79EFBC}") = "AdapterAndDecoratorExample", "AdapterAndDecoratorExample.csproj", "{D2402961-D643-41CA-94EE-15A5C610B8E2}"
EndProject
Global
	GlobalSection(SolutionConfigurationPlatforms) = preSolution
		Debug|Any CPU = Debug|Any CPU
		Release|Any CPU = Release|Any CPU
	EndGlobalSection
	GlobalSection(ProjectConfigurationPlatforms) = postSolution
		{D2402961-D643-41CA-94EE-15A5C610B8E2}.Debug|Any CPU.ActiveCfg = Debug|Any CPU
		{D2402961-D643-41CA-94EE-15A5C610B8E2}.Debug|Any CPU.Build.0 = Debug|Any CPU
		{D2402961-D643-41CA-94EE-15A5C610B8E2}.Release|Any CPU.ActiveCfg = Release|Any CPU
		{D2402961-D643-41CA-94EE-15A5C610B8E2}.Release|Any CPU.Build.0 = Release|Any CPU
	EndGlobalSection
	GlobalSection(SolutionProperties) = preSolution
		HideSolutionNode = FALSE
	EndGlobalSection
	GlobalSection(ExtensibilityGlobals) = postSolution
		SolutionGuid = {E9233939-E9B0-4DBB-8A49-464308D0C3AC}
	EndGlobalSection
EndGlobal
