
Microsoft Visual Studio Solution File, Format Version 12.00
# Visual Studio Version 17
VisualStudioVersion = 17.9.34723.18
MinimumVisualStudioVersion = 10.0.40219.1
Project("{FAE04EC0-301F-11D3-BF4B-00C04F79EFBC}") = "MementoExample", "MementoExample.csproj", "{882B2769-FA11-4210-9FAB-6D2E684CED5D}"
EndProject
Global
	GlobalSection(SolutionConfigurationPlatforms) = preSolution
		Debug|Any CPU = Debug|Any CPU
		Release|Any CPU = Release|Any CPU
	EndGlobalSection
	GlobalSection(ProjectConfigurationPlatforms) = postSolution
		{882B2769-FA11-4210-9FAB-6D2E684CED5D}.Debug|Any CPU.ActiveCfg = Debug|Any CPU
		{882B2769-FA11-4210-9FAB-6D2E684CED5D}.Debug|Any CPU.Build.0 = Debug|Any CPU
		{882B2769-FA11-4210-9FAB-6D2E684CED5D}.Release|Any CPU.ActiveCfg = Release|Any CPU
		{882B2769-FA11-4210-9FAB-6D2E684CED5D}.Release|Any CPU.Build.0 = Release|Any CPU
	EndGlobalSection
	GlobalSection(SolutionProperties) = preSolution
		HideSolutionNode = FALSE
	EndGlobalSection
	GlobalSection(ExtensibilityGlobals) = postSolution
		SolutionGuid = {B08C23CC-D212-4BB2-BD0E-52EDD4565097}
	EndGlobalSection
EndGlobal
